
Microsoft Visual Studio Solution File, Format Version 12.00
# Visual Studio 14
VisualStudioVersion = 14.0.25420.1
MinimumVisualStudioVersion = 10.0.40219.1
Project("{FAE04EC0-301F-11D3-BF4B-00C04F79EFBC}") = "Microsoft.Cognitive.CustomVision.Prediction", "Microsoft.Cognitive.CustomVision.Prediction\Microsoft.Cognitive.CustomVision.Prediction.csproj", "{830D83F0-4D1C-4589-B81D-F92AF219B4A9}"
EndProject
Project("{FAE04EC0-301F-11D3-BF4B-00C04F79EFBC}") = "Microsoft.Cognitive.CustomVision.Training", "Microsoft.Cognitive.CustomVision.Training\Microsoft.Cognitive.CustomVision.Training.csproj", "{97E4D61D-85A3-412F-BB66-32BCDF76CF27}"
EndProject
Global
	GlobalSection(SolutionConfigurationPlatforms) = preSolution
		Debug|Any CPU = Debug|Any CPU
		Release|Any CPU = Release|Any CPU
	EndGlobalSection
	GlobalSection(ProjectConfigurationPlatforms) = postSolution
		{830D83F0-4D1C-4589-B81D-F92AF219B4A9}.Debug|Any CPU.ActiveCfg = Debug|Any CPU
		{830D83F0-4D1C-4589-B81D-F92AF219B4A9}.Debug|Any CPU.Build.0 = Debug|Any CPU
		{830D83F0-4D1C-4589-B81D-F92AF219B4A9}.Release|Any CPU.ActiveCfg = Release|Any CPU
		{830D83F0-4D1C-4589-B81D-F92AF219B4A9}.Release|Any CPU.Build.0 = Release|Any CPU
		{97E4D61D-85A3-412F-BB66-32BCDF76CF27}.Debug|Any CPU.ActiveCfg = Debug|Any CPU
		{97E4D61D-85A3-412F-BB66-32BCDF76CF27}.Debug|Any CPU.Build.0 = Debug|Any CPU
		{97E4D61D-85A3-412F-BB66-32BCDF76CF27}.Release|Any CPU.ActiveCfg = Release|Any CPU
		{97E4D61D-85A3-412F-BB66-32BCDF76CF27}.Release|Any CPU.Build.0 = Release|Any CPU
	EndGlobalSection
	GlobalSection(SolutionProperties) = preSolution
		HideSolutionNode = FALSE
	EndGlobalSection
EndGlobal
